// !$*UTF8*$!
{
	archiveVersion = 1;
	classes = {
	};
	objectVersion = 55;
	objects = {

/* Begin PBXBuildFile section */
		F729AE4F27F0477E0058655B /* ImageCell.swift in Sources */ = {isa = PBXBuildFile; fileRef = F729AE4E27F0477E0058655B /* ImageCell.swift */; };
		F75D340F27EF0FE3002CE0C9 /* ImageCache.swift in Sources */ = {isa = PBXBuildFile; fileRef = F75D340E27EF0FE3002CE0C9 /* ImageCache.swift */; };
		F75D341127EF15FE002CE0C9 /* ImageDownloader.swift in Sources */ = {isa = PBXBuildFile; fileRef = F75D341027EF15FE002CE0C9 /* ImageDownloader.swift */; };
		F7FF58FC27EA261400842DAB /* AppDelegate.swift in Sources */ = {isa = PBXBuildFile; fileRef = F7FF58FB27EA261400842DAB /* AppDelegate.swift */; };
		F7FF58FE27EA261400842DAB /* SceneDelegate.swift in Sources */ = {isa = PBXBuildFile; fileRef = F7FF58FD27EA261400842DAB /* SceneDelegate.swift */; };
		F7FF590027EA261400842DAB /* ViewController.swift in Sources */ = {isa = PBXBuildFile; fileRef = F7FF58FF27EA261400842DAB /* ViewController.swift */; };
		F7FF590327EA261400842DAB /* Main.storyboard in Resources */ = {isa = PBXBuildFile; fileRef = F7FF590127EA261400842DAB /* Main.storyboard */; };
		F7FF590527EA261600842DAB /* Assets.xcassets in Resources */ = {isa = PBXBuildFile; fileRef = F7FF590427EA261600842DAB /* Assets.xcassets */; };
		F7FF590827EA261600842DAB /* LaunchScreen.storyboard in Resources */ = {isa = PBXBuildFile; fileRef = F7FF590627EA261600842DAB /* LaunchScreen.storyboard */; };
/* End PBXBuildFile section */

/* Begin PBXFileReference section */
		F729AE4E27F0477E0058655B /* ImageCell.swift */ = {isa = PBXFileReference; lastKnownFileType = sourcecode.swift; path = ImageCell.swift; sourceTree = "<group>"; };
		F75D340E27EF0FE3002CE0C9 /* ImageCache.swift */ = {isa = PBXFileReference; lastKnownFileType = sourcecode.swift; path = ImageCache.swift; sourceTree = "<group>"; };
		F75D341027EF15FE002CE0C9 /* ImageDownloader.swift */ = {isa = PBXFileReference; lastKnownFileType = sourcecode.swift; path = ImageDownloader.swift; sourceTree = "<group>"; };
		F7FF58F827EA261400842DAB /* ImageCachingProject.app */ = {isa = PBXFileReference; explicitFileType = wrapper.application; includeInIndex = 0; path = ImageCachingProject.app; sourceTree = BUILT_PRODUCTS_DIR; };
		F7FF58FB27EA261400842DAB /* AppDelegate.swift */ = {isa = PBXFileReference; lastKnownFileType = sourcecode.swift; path = AppDelegate.swift; sourceTree = "<group>"; };
		F7FF58FD27EA261400842DAB /* SceneDelegate.swift */ = {isa = PBXFileReference; lastKnownFileType = sourcecode.swift; path = SceneDelegate.swift; sourceTree = "<group>"; };
		F7FF58FF27EA261400842DAB /* ViewController.swift */ = {isa = PBXFileReference; lastKnownFileType = sourcecode.swift; path = ViewController.swift; sourceTree = "<group>"; };
		F7FF590227EA261400842DAB /* Base */ = {isa = PBXFileReference; lastKnownFileType = file.storyboard; name = Base; path = Base.lproj/Main.storyboard; sourceTree = "<group>"; };
		F7FF590427EA261600842DAB /* Assets.xcassets */ = {isa = PBXFileReference; lastKnownFileType = folder.assetcatalog; path = Assets.xcassets; sourceTree = "<group>"; };
		F7FF590727EA261600842DAB /* Base */ = {isa = PBXFileReference; lastKnownFileType = file.storyboard; name = Base; path = Base.lproj/LaunchScreen.storyboard; sourceTree = "<group>"; };
		F7FF590927EA261600842DAB /* Info.plist */ = {isa = PBXFileReference; lastKnownFileType = text.plist.xml; path = Info.plist; sourceTree = "<group>"; };
/* End PBXFileReference section */

/* Begin PBXFrameworksBuildPhase section */
		F7FF58F527EA261400842DAB /* Frameworks */ = {
			isa = PBXFrameworksBuildPhase;
			buildActionMask = 2147483647;
			files = (
			);
			runOnlyForDeploymentPostprocessing = 0;
		};
/* End PBXFrameworksBuildPhase section */

/* Begin PBXGroup section */
		F75D341227EF1601002CE0C9 /* Common */ = {
			isa = PBXGroup;
			children = (
				F75D340E27EF0FE3002CE0C9 /* ImageCache.swift */,
				F75D341027EF15FE002CE0C9 /* ImageDownloader.swift */,
			);
			name = Common;
			sourceTree = "<group>";
		};
		F75D341327EF160C002CE0C9 /* ViewController */ = {
			isa = PBXGroup;
			children = (
				F7FF58FF27EA261400842DAB /* ViewController.swift */,
			);
			name = ViewController;
			sourceTree = "<group>";
		};
		F75D341427EF160F002CE0C9 /* View */ = {
			isa = PBXGroup;
			children = (
				F729AE4E27F0477E0058655B /* ImageCell.swift */,
			);
			name = View;
			sourceTree = "<group>";
		};
		F75D341527EF1612002CE0C9 /* Model */ = {
			isa = PBXGroup;
			children = (
			);
			name = Model;
			sourceTree = "<group>";
		};
		F7FF58EF27EA261400842DAB = {
			isa = PBXGroup;
			children = (
				F7FF58FA27EA261400842DAB /* ImageCachingProject */,
				F7FF58F927EA261400842DAB /* Products */,
			);
			sourceTree = "<group>";
		};
		F7FF58F927EA261400842DAB /* Products */ = {
			isa = PBXGroup;
			children = (
				F7FF58F827EA261400842DAB /* ImageCachingProject.app */,
			);
			name = Products;
			sourceTree = "<group>";
		};
		F7FF58FA27EA261400842DAB /* ImageCachingProject */ = {
			isa = PBXGroup;
			children = (
				F75D341527EF1612002CE0C9 /* Model */,
				F75D341427EF160F002CE0C9 /* View */,
				F75D341327EF160C002CE0C9 /* ViewController */,
				F75D341227EF1601002CE0C9 /* Common */,
				F7FF58FB27EA261400842DAB /* AppDelegate.swift */,
				F7FF58FD27EA261400842DAB /* SceneDelegate.swift */,
				F7FF590127EA261400842DAB /* Main.storyboard */,
				F7FF590427EA261600842DAB /* Assets.xcassets */,
				F7FF590627EA261600842DAB /* LaunchScreen.storyboard */,
				F7FF590927EA261600842DAB /* Info.plist */,
			);
			path = ImageCachingProject;
			sourceTree = "<group>";
		};
/* End PBXGroup section */

/* Begin PBXNativeTarget section */
		F7FF58F727EA261400842DAB /* ImageCachingProject */ = {
			isa = PBXNativeTarget;
			buildConfigurationList = F7FF590C27EA261600842DAB /* Build configuration list for PBXNativeTarget "ImageCachingProject" */;
			buildPhases = (
				F7FF58F427EA261400842DAB /* Sources */,
				F7FF58F527EA261400842DAB /* Frameworks */,
				F7FF58F627EA261400842DAB /* Resources */,
			);
			buildRules = (
			);
			dependencies = (
			);
			name = ImageCachingProject;
			productName = ImageCachingProject;
			productReference = F7FF58F827EA261400842DAB /* ImageCachingProject.app */;
			productType = "com.apple.product-type.application";
		};
/* End PBXNativeTarget section */

/* Begin PBXProject section */
		F7FF58F027EA261400842DAB /* Project object */ = {
			isa = PBXProject;
			attributes = {
				BuildIndependentTargetsInParallel = 1;
				LastSwiftUpdateCheck = 1320;
				LastUpgradeCheck = 1320;
				TargetAttributes = {
					F7FF58F727EA261400842DAB = {
						CreatedOnToolsVersion = 13.2.1;
					};
				};
			};
			buildConfigurationList = F7FF58F327EA261400842DAB /* Build configuration list for PBXProject "ImageCachingProject" */;
			compatibilityVersion = "Xcode 13.0";
			developmentRegion = en;
			hasScannedForEncodings = 0;
			knownRegions = (
				en,
				Base,
			);
			mainGroup = F7FF58EF27EA261400842DAB;
			productRefGroup = F7FF58F927EA261400842DAB /* Products */;
			projectDirPath = "";
			projectRoot = "";
			targets = (
				F7FF58F727EA261400842DAB /* ImageCachingProject */,
			);
		};
/* End PBXProject section */

/* Begin PBXResourcesBuildPhase section */
		F7FF58F627EA261400842DAB /* Resources */ = {
			isa = PBXResourcesBuildPhase;
			buildActionMask = 2147483647;
			files = (
				F7FF590827EA261600842DAB /* LaunchScreen.storyboard in Resources */,
				F7FF590527EA261600842DAB /* Assets.xcassets in Resources */,
				F7FF590327EA261400842DAB /* Main.storyboard in Resources */,
			);
			runOnlyForDeploymentPostprocessing = 0;
		};
/* End PBXResourcesBuildPhase section */

/* Begin PBXSourcesBuildPhase section */
		F7FF58F427EA261400842DAB /* Sources */ = {
			isa = PBXSourcesBuildPhase;
			buildActionMask = 2147483647;
			files = (
				F7FF590027EA261400842DAB /* ViewController.swift in Sources */,
				F75D341127EF15FE002CE0C9 /* ImageDownloader.swift in Sources */,
				F7FF58FC27EA261400842DAB /* AppDelegate.swift in Sources */,
				F75D340F27EF0FE3002CE0C9 /* ImageCache.swift in Sources */,
				F7FF58FE27EA261400842DAB /* SceneDelegate.swift in Sources */,
				F729AE4F27F0477E0058655B /* ImageCell.swift in Sources */,
			);
			runOnlyForDeploymentPostprocessing = 0;
		};
/* End PBXSourcesBuildPhase section */

/* Begin PBXVariantGroup section */
		F7FF590127EA261400842DAB /* Main.storyboard */ = {
			isa = PBXVariantGroup;
			children = (
				F7FF590227EA261400842DAB /* Base */,
			);
			name = Main.storyboard;
			sourceTree = "<group>";
		};
		F7FF590627EA261600842DAB /* LaunchScreen.storyboard */ = {
			isa = PBXVariantGroup;
			children = (
				F7FF590727EA261600842DAB /* Base */,
			);
			name = LaunchScreen.storyboard;
			sourceTree = "<group>";
		};
/* End PBXVariantGroup section */

/* Begin XCBuildConfiguration section */
		F7FF590A27EA261600842DAB /* Debug */ = {
			isa = XCBuildConfiguration;
			buildSettings = {
				ALWAYS_SEARCH_USER_PATHS = NO;
				CLANG_ANALYZER_NONNULL = YES;
				CLANG_ANALYZER_NUMBER_OBJECT_CONVERSION = YES_AGGRESSIVE;
				CLANG_CXX_LANGUAGE_STANDARD = "gnu++17";
				CLANG_CXX_LIBRARY = "libc++";
				CLANG_ENABLE_MODULES = YES;
				CLANG_ENABLE_OBJC_ARC = YES;
				CLANG_ENABLE_OBJC_WEAK = YES;
				CLANG_WARN_BLOCK_CAPTURE_AUTORELEASING = YES;
				CLANG_WARN_BOOL_CONVERSION = YES;
				CLANG_WARN_COMMA = YES;
				CLANG_WARN_CONSTANT_CONVERSION = YES;
				CLANG_WARN_DEPRECATED_OBJC_IMPLEMENTATIONS = YES;
				CLANG_WARN_DIRECT_OBJC_ISA_USAGE = YES_ERROR;
				CLANG_WARN_DOCUMENTATION_COMMENTS = YES;
				CLANG_WARN_EMPTY_BODY = YES;
				CLANG_WARN_ENUM_CONVERSION = YES;
				CLANG_WARN_INFINITE_RECURSION = YES;
				CLANG_WARN_INT_CONVERSION = YES;
				CLANG_WARN_NON_LITERAL_NULL_CONVERSION = YES;
				CLANG_WARN_OBJC_IMPLICIT_RETAIN_SELF = YES;
				CLANG_WARN_OBJC_LITERAL_CONVERSION = YES;
				CLANG_WARN_OBJC_ROOT_CLASS = YES_ERROR;
				CLANG_WARN_QUOTED_INCLUDE_IN_FRAMEWORK_HEADER = YES;
				CLANG_WARN_RANGE_LOOP_ANALYSIS = YES;
				CLANG_WARN_STRICT_PROTOTYPES = YES;
				CLANG_WARN_SUSPICIOUS_MOVE = YES;
				CLANG_WARN_UNGUARDED_AVAILABILITY = YES_AGGRESSIVE;
				CLANG_WARN_UNREACHABLE_CODE = YES;
				CLANG_WARN__DUPLICATE_METHOD_MATCH = YES;
				COPY_PHASE_STRIP = NO;
				DEBUG_INFORMATION_FORMAT = dwarf;
				ENABLE_STRICT_OBJC_MSGSEND = YES;
				ENABLE_TESTABILITY = YES;
				GCC_C_LANGUAGE_STANDARD = gnu11;
				GCC_DYNAMIC_NO_PIC = NO;
				GCC_NO_COMMON_BLOCKS = YES;
				GCC_OPTIMIZATION_LEVEL = 0;
				GCC_PREPROCESSOR_DEFINITIONS = (
					"DEBUG=1",
					"$(inherited)",
				);
				GCC_WARN_64_TO_32_BIT_CONVERSION = YES;
				GCC_WARN_ABOUT_RETURN_TYPE = YES_ERROR;
				GCC_WARN_UNDECLARED_SELECTOR = YES;
				GCC_WARN_UNINITIALIZED_AUTOS = YES_AGGRESSIVE;
				GCC_WARN_UNUSED_FUNCTION = YES;
				GCC_WARN_UNUSED_VARIABLE = YES;
				IPHONEOS_DEPLOYMENT_TARGET = 15.2;
				MTL_ENABLE_DEBUG_INFO = INCLUDE_SOURCE;
				MTL_FAST_MATH = YES;
				ONLY_ACTIVE_ARCH = YES;
				SDKROOT = iphoneos;
				SWIFT_ACTIVE_COMPILATION_CONDITIONS = DEBUG;
				SWIFT_OPTIMIZATION_LEVEL = "-Onone";
			};
			name = Debug;
		};
		F7FF590B27EA261600842DAB /* Release */ = {
			isa = XCBuildConfiguration;
			buildSettings = {
				ALWAYS_SEARCH_USER_PATHS = NO;
				CLANG_ANALYZER_NONNULL = YES;
				CLANG_ANALYZER_NUMBER_OBJECT_CONVERSION = YES_AGGRESSIVE;
				CLANG_CXX_LANGUAGE_STANDARD = "gnu++17";
				CLANG_CXX_LIBRARY = "libc++";
				CLANG_ENABLE_MODULES = YES;
				CLANG_ENABLE_OBJC_ARC = YES;
				CLANG_ENABLE_OBJC_WEAK = YES;
				CLANG_WARN_BLOCK_CAPTURE_AUTORELEASING = YES;
				CLANG_WARN_BOOL_CONVERSION = YES;
				CLANG_WARN_COMMA = YES;
				CLANG_WARN_CONSTANT_CONVERSION = YES;
				CLANG_WARN_DEPRECATED_OBJC_IMPLEMENTATIONS = YES;
				CLANG_WARN_DIRECT_OBJC_ISA_USAGE = YES_ERROR;
				CLANG_WARN_DOCUMENTATION_COMMENTS = YES;
				CLANG_WARN_EMPTY_BODY = YES;
				CLANG_WARN_ENUM_CONVERSION = YES;
				CLANG_WARN_INFINITE_RECURSION = YES;
				CLANG_WARN_INT_CONVERSION = YES;
				CLANG_WARN_NON_LITERAL_NULL_CONVERSION = YES;
				CLANG_WARN_OBJC_IMPLICIT_RETAIN_SELF = YES;
				CLANG_WARN_OBJC_LITERAL_CONVERSION = YES;
				CLANG_WARN_OBJC_ROOT_CLASS = YES_ERROR;
				CLANG_WARN_QUOTED_INCLUDE_IN_FRAMEWORK_HEADER = YES;
				CLANG_WARN_RANGE_LOOP_ANALYSIS = YES;
				CLANG_WARN_STRICT_PROTOTYPES = YES;
				CLANG_WARN_SUSPICIOUS_MOVE = YES;
				CLANG_WARN_UNGUARDED_AVAILABILITY = YES_AGGRESSIVE;
				CLANG_WARN_UNREACHABLE_CODE = YES;
				CLANG_WARN__DUPLICATE_METHOD_MATCH = YES;
				COPY_PHASE_STRIP = NO;
				DEBUG_INFORMATION_FORMAT = "dwarf-with-dsym";
				ENABLE_NS_ASSERTIONS = NO;
				ENABLE_STRICT_OBJC_MSGSEND = YES;
				GCC_C_LANGUAGE_STANDARD = gnu11;
				GCC_NO_COMMON_BLOCKS = YES;
				GCC_WARN_64_TO_32_BIT_CONVERSION = YES;
				GCC_WARN_ABOUT_RETURN_TYPE = YES_ERROR;
				GCC_WARN_UNDECLARED_SELECTOR = YES;
				GCC_WARN_UNINITIALIZED_AUTOS = YES_AGGRESSIVE;
				GCC_WARN_UNUSED_FUNCTION = YES;
				GCC_WARN_UNUSED_VARIABLE = YES;
				IPHONEOS_DEPLOYMENT_TARGET = 15.2;
				MTL_ENABLE_DEBUG_INFO = NO;
				MTL_FAST_MATH = YES;
				SDKROOT = iphoneos;
				SWIFT_COMPILATION_MODE = wholemodule;
				SWIFT_OPTIMIZATION_LEVEL = "-O";
				VALIDATE_PRODUCT = YES;
			};
			name = Release;
		};
		F7FF590D27EA261600842DAB /* Debug */ = {
			isa = XCBuildConfiguration;
			buildSettings = {
				ASSETCATALOG_COMPILER_APPICON_NAME = AppIcon;
				ASSETCATALOG_COMPILER_GLOBAL_ACCENT_COLOR_NAME = AccentColor;
				CODE_SIGN_STYLE = Automatic;
				CURRENT_PROJECT_VERSION = 1;
				DEVELOPMENT_TEAM = QKG65XDLX8;
				GENERATE_INFOPLIST_FILE = YES;
				INFOPLIST_FILE = ImageCachingProject/Info.plist;
				INFOPLIST_KEY_UIApplicationSupportsIndirectInputEvents = YES;
				INFOPLIST_KEY_UILaunchStoryboardName = LaunchScreen;
				INFOPLIST_KEY_UIMainStoryboardFile = Main;
				INFOPLIST_KEY_UISupportedInterfaceOrientations_iPad = "UIInterfaceOrientationPortrait UIInterfaceOrientationPortraitUpsideDown UIInterfaceOrientationLandscapeLeft UIInterfaceOrientationLandscapeRight";
				INFOPLIST_KEY_UISupportedInterfaceOrientations_iPhone = "UIInterfaceOrientationPortrait UIInterfaceOrientationLandscapeLeft UIInterfaceOrientationLandscapeRight";
				LD_RUNPATH_SEARCH_PATHS = (
					"$(inherited)",
					"@executable_path/Frameworks",
				);
				MARKETING_VERSION = 1.0;
				PRODUCT_BUNDLE_IDENTIFIER = com.bong.ImageCachingProject;
				PRODUCT_NAME = "$(TARGET_NAME)";
				SWIFT_EMIT_LOC_STRINGS = YES;
				SWIFT_VERSION = 5.0;
				TARGETED_DEVICE_FAMILY = "1,2";
			};
			name = Debug;
		};
		F7FF590E27EA261600842DAB /* Release */ = {
			isa = XCBuildConfiguration;
			buildSettings = {
				ASSETCATALOG_COMPILER_APPICON_NAME = AppIcon;
				ASSETCATALOG_COMPILER_GLOBAL_ACCENT_COLOR_NAME = AccentColor;
				CODE_SIGN_STYLE = Automatic;
				CURRENT_PROJECT_VERSION = 1;
				DEVELOPMENT_TEAM = QKG65XDLX8;
				GENERATE_INFOPLIST_FILE = YES;
				INFOPLIST_FILE = ImageCachingProject/Info.plist;
				INFOPLIST_KEY_UIApplicationSupportsIndirectInputEvents = YES;
				INFOPLIST_KEY_UILaunchStoryboardName = LaunchScreen;
				INFOPLIST_KEY_UIMainStoryboardFile = Main;
				INFOPLIST_KEY_UISupportedInterfaceOrientations_iPad = "UIInterfaceOrientationPortrait UIInterfaceOrientationPortraitUpsideDown UIInterfaceOrientationLandscapeLeft UIInterfaceOrientationLandscapeRight";
				INFOPLIST_KEY_UISupportedInterfaceOrientations_iPhone = "UIInterfaceOrientationPortrait UIInterfaceOrientationLandscapeLeft UIInterfaceOrientationLandscapeRight";
				LD_RUNPATH_SEARCH_PATHS = (
					"$(inherited)",
					"@executable_path/Frameworks",
				);
				MARKETING_VERSION = 1.0;
				PRODUCT_BUNDLE_IDENTIFIER = com.bong.ImageCachingProject;
				PRODUCT_NAME = "$(TARGET_NAME)";
				SWIFT_EMIT_LOC_STRINGS = YES;
				SWIFT_VERSION = 5.0;
				TARGETED_DEVICE_FAMILY = "1,2";
			};
			name = Release;
		};
/* End XCBuildConfiguration section */

/* Begin XCConfigurationList section */
		F7FF58F327EA261400842DAB /* Build configuration list for PBXProject "ImageCachingProject" */ = {
			isa = XCConfigurationList;
			buildConfigurations = (
				F7FF590A27EA261600842DAB /* Debug */,
				F7FF590B27EA261600842DAB /* Release */,
			);
			defaultConfigurationIsVisible = 0;
			defaultConfigurationName = Release;
		};
		F7FF590C27EA261600842DAB /* Build configuration list for PBXNativeTarget "ImageCachingProject" */ = {
			isa = XCConfigurationList;
			buildConfigurations = (
				F7FF590D27EA261600842DAB /* Debug */,
				F7FF590E27EA261600842DAB /* Release */,
			);
			defaultConfigurationIsVisible = 0;
			defaultConfigurationName = Release;
		};
/* End XCConfigurationList section */
	};
	rootObject = F7FF58F027EA261400842DAB /* Project object */;
}
