// !$*UTF8*$!
{
	archiveVersion = 1;
	classes = {
	};
	objectVersion = 55;
	objects = {

/* Begin PBXBuildFile section */
		0B547619280D35020046BDB3 /* FieldViewController.swift in Sources */ = {isa = PBXBuildFile; fileRef = 0B547618280D35020046BDB3 /* FieldViewController.swift */; };
		0B54761C280D4CC90046BDB3 /* UIView+Extension.swift in Sources */ = {isa = PBXBuildFile; fileRef = 0B54761B280D4CC90046BDB3 /* UIView+Extension.swift */; };
		F70FE55F2813371C009858DE /* UIViewController+Extension.swift in Sources */ = {isa = PBXBuildFile; fileRef = F70FE55E2813371C009858DE /* UIViewController+Extension.swift */; };
		F72A5FB0280C5F3D005DEF66 /* User.swift in Sources */ = {isa = PBXBuildFile; fileRef = F72A5FAF280C5F3D005DEF66 /* User.swift */; };
		F72A5FB3280C6033005DEF66 /* PokedexCell.swift in Sources */ = {isa = PBXBuildFile; fileRef = F72A5FB2280C6033005DEF66 /* PokedexCell.swift */; };
		F72A5FB5280C605A005DEF66 /* PokedexCell.xib in Resources */ = {isa = PBXBuildFile; fileRef = F72A5FB4280C605A005DEF66 /* PokedexCell.xib */; };
		F72A5FB7280C60F3005DEF66 /* PokedexViewController.swift in Sources */ = {isa = PBXBuildFile; fileRef = F72A5FB6280C60F3005DEF66 /* PokedexViewController.swift */; };
		F72A5FBB280C66D6005DEF66 /* ImageCache.swift in Sources */ = {isa = PBXBuildFile; fileRef = F72A5FB9280C66D6005DEF66 /* ImageCache.swift */; };
		F72A5FBC280C66D6005DEF66 /* ImageDownloader.swift in Sources */ = {isa = PBXBuildFile; fileRef = F72A5FBA280C66D6005DEF66 /* ImageDownloader.swift */; };
		F72A5FBE280C6FEC005DEF66 /* MapViewController.swift in Sources */ = {isa = PBXBuildFile; fileRef = F72A5FBD280C6FEC005DEF66 /* MapViewController.swift */; };
		F72A5FC3280C711B005DEF66 /* HabitatCell.swift in Sources */ = {isa = PBXBuildFile; fileRef = F72A5FC1280C711B005DEF66 /* HabitatCell.swift */; };
		F72A5FC4280C711B005DEF66 /* HabitatCell.xib in Resources */ = {isa = PBXBuildFile; fileRef = F72A5FC2280C711B005DEF66 /* HabitatCell.xib */; };
		F72A5FC6280C72E3005DEF66 /* TotalHabitat.swift in Sources */ = {isa = PBXBuildFile; fileRef = F72A5FC5280C72E3005DEF66 /* TotalHabitat.swift */; };
		F73FA2C72811BD3800C62123 /* PokedexDescriptionView.swift in Sources */ = {isa = PBXBuildFile; fileRef = F73FA2C62811BD3800C62123 /* PokedexDescriptionView.swift */; };
		F73FA2C92811BD5100C62123 /* PokedexDescriptionView.xib in Resources */ = {isa = PBXBuildFile; fileRef = F73FA2C82811BD5100C62123 /* PokedexDescriptionView.xib */; };
		F78EEC8F2809C16100EBF148 /* AppDelegate.swift in Sources */ = {isa = PBXBuildFile; fileRef = F78EEC8E2809C16100EBF148 /* AppDelegate.swift */; };
		F78EEC912809C16100EBF148 /* SceneDelegate.swift in Sources */ = {isa = PBXBuildFile; fileRef = F78EEC902809C16100EBF148 /* SceneDelegate.swift */; };
		F78EEC962809C16100EBF148 /* Main.storyboard in Resources */ = {isa = PBXBuildFile; fileRef = F78EEC942809C16100EBF148 /* Main.storyboard */; };
		F78EEC982809C16300EBF148 /* Assets.xcassets in Resources */ = {isa = PBXBuildFile; fileRef = F78EEC972809C16300EBF148 /* Assets.xcassets */; };
		F78EEC9B2809C16300EBF148 /* LaunchScreen.storyboard in Resources */ = {isa = PBXBuildFile; fileRef = F78EEC992809C16300EBF148 /* LaunchScreen.storyboard */; };
		F78EECA52809C1F500EBF148 /* Pokemon.swift in Sources */ = {isa = PBXBuildFile; fileRef = F78EECA42809C1F500EBF148 /* Pokemon.swift */; };
		F78EECA82809C23B00EBF148 /* PokeSpecies.swift in Sources */ = {isa = PBXBuildFile; fileRef = F78EECA72809C23B00EBF148 /* PokeSpecies.swift */; };
		F78EECAA2809C88A00EBF148 /* PokeHabitat.swift in Sources */ = {isa = PBXBuildFile; fileRef = F78EECA92809C88A00EBF148 /* PokeHabitat.swift */; };
		F78EECAE2809C96500EBF148 /* NetworkAgent.swift in Sources */ = {isa = PBXBuildFile; fileRef = F78EECAD2809C96500EBF148 /* NetworkAgent.swift */; };
		F78EECB02809C97A00EBF148 /* NetworkConstants.swift in Sources */ = {isa = PBXBuildFile; fileRef = F78EECAF2809C97A00EBF148 /* NetworkConstants.swift */; };
/* End PBXBuildFile section */

/* Begin PBXFileReference section */
		0B547618280D35020046BDB3 /* FieldViewController.swift */ = {isa = PBXFileReference; lastKnownFileType = sourcecode.swift; path = FieldViewController.swift; sourceTree = "<group>"; };
		0B54761B280D4CC90046BDB3 /* UIView+Extension.swift */ = {isa = PBXFileReference; lastKnownFileType = sourcecode.swift; path = "UIView+Extension.swift"; sourceTree = "<group>"; };
		F70FE55E2813371C009858DE /* UIViewController+Extension.swift */ = {isa = PBXFileReference; lastKnownFileType = sourcecode.swift; path = "UIViewController+Extension.swift"; sourceTree = "<group>"; };
		F72A5FAF280C5F3D005DEF66 /* User.swift */ = {isa = PBXFileReference; lastKnownFileType = sourcecode.swift; path = User.swift; sourceTree = "<group>"; };
		F72A5FB2280C6033005DEF66 /* PokedexCell.swift */ = {isa = PBXFileReference; lastKnownFileType = sourcecode.swift; path = PokedexCell.swift; sourceTree = "<group>"; };
		F72A5FB4280C605A005DEF66 /* PokedexCell.xib */ = {isa = PBXFileReference; lastKnownFileType = file.xib; path = PokedexCell.xib; sourceTree = "<group>"; };
		F72A5FB6280C60F3005DEF66 /* PokedexViewController.swift */ = {isa = PBXFileReference; lastKnownFileType = sourcecode.swift; path = PokedexViewController.swift; sourceTree = "<group>"; };
		F72A5FB9280C66D6005DEF66 /* ImageCache.swift */ = {isa = PBXFileReference; fileEncoding = 4; lastKnownFileType = sourcecode.swift; path = ImageCache.swift; sourceTree = "<group>"; };
		F72A5FBA280C66D6005DEF66 /* ImageDownloader.swift */ = {isa = PBXFileReference; fileEncoding = 4; lastKnownFileType = sourcecode.swift; path = ImageDownloader.swift; sourceTree = "<group>"; };
		F72A5FBD280C6FEC005DEF66 /* MapViewController.swift */ = {isa = PBXFileReference; lastKnownFileType = sourcecode.swift; path = MapViewController.swift; sourceTree = "<group>"; };
		F72A5FC1280C711B005DEF66 /* HabitatCell.swift */ = {isa = PBXFileReference; lastKnownFileType = sourcecode.swift; path = HabitatCell.swift; sourceTree = "<group>"; };
		F72A5FC2280C711B005DEF66 /* HabitatCell.xib */ = {isa = PBXFileReference; lastKnownFileType = file.xib; path = HabitatCell.xib; sourceTree = "<group>"; };
		F72A5FC5280C72E3005DEF66 /* TotalHabitat.swift */ = {isa = PBXFileReference; lastKnownFileType = sourcecode.swift; path = TotalHabitat.swift; sourceTree = "<group>"; };
		F73FA2C62811BD3800C62123 /* PokedexDescriptionView.swift */ = {isa = PBXFileReference; lastKnownFileType = sourcecode.swift; path = PokedexDescriptionView.swift; sourceTree = "<group>"; };
		F73FA2C82811BD5100C62123 /* PokedexDescriptionView.xib */ = {isa = PBXFileReference; lastKnownFileType = file.xib; path = PokedexDescriptionView.xib; sourceTree = "<group>"; };
		F78EEC8B2809C16100EBF148 /* PokemonProject.app */ = {isa = PBXFileReference; explicitFileType = wrapper.application; includeInIndex = 0; path = PokemonProject.app; sourceTree = BUILT_PRODUCTS_DIR; };
		F78EEC8E2809C16100EBF148 /* AppDelegate.swift */ = {isa = PBXFileReference; lastKnownFileType = sourcecode.swift; path = AppDelegate.swift; sourceTree = "<group>"; };
		F78EEC902809C16100EBF148 /* SceneDelegate.swift */ = {isa = PBXFileReference; lastKnownFileType = sourcecode.swift; path = SceneDelegate.swift; sourceTree = "<group>"; };
		F78EEC952809C16100EBF148 /* Base */ = {isa = PBXFileReference; lastKnownFileType = file.storyboard; name = Base; path = Base.lproj/Main.storyboard; sourceTree = "<group>"; };
		F78EEC972809C16300EBF148 /* Assets.xcassets */ = {isa = PBXFileReference; lastKnownFileType = folder.assetcatalog; path = Assets.xcassets; sourceTree = "<group>"; };
		F78EEC9A2809C16300EBF148 /* Base */ = {isa = PBXFileReference; lastKnownFileType = file.storyboard; name = Base; path = Base.lproj/LaunchScreen.storyboard; sourceTree = "<group>"; };
		F78EEC9C2809C16300EBF148 /* Info.plist */ = {isa = PBXFileReference; lastKnownFileType = text.plist.xml; path = Info.plist; sourceTree = "<group>"; };
		F78EECA42809C1F500EBF148 /* Pokemon.swift */ = {isa = PBXFileReference; lastKnownFileType = sourcecode.swift; path = Pokemon.swift; sourceTree = "<group>"; };
		F78EECA72809C23B00EBF148 /* PokeSpecies.swift */ = {isa = PBXFileReference; lastKnownFileType = sourcecode.swift; path = PokeSpecies.swift; sourceTree = "<group>"; };
		F78EECA92809C88A00EBF148 /* PokeHabitat.swift */ = {isa = PBXFileReference; lastKnownFileType = sourcecode.swift; path = PokeHabitat.swift; sourceTree = "<group>"; };
		F78EECAD2809C96500EBF148 /* NetworkAgent.swift */ = {isa = PBXFileReference; lastKnownFileType = sourcecode.swift; path = NetworkAgent.swift; sourceTree = "<group>"; };
		F78EECAF2809C97A00EBF148 /* NetworkConstants.swift */ = {isa = PBXFileReference; lastKnownFileType = sourcecode.swift; path = NetworkConstants.swift; sourceTree = "<group>"; };
/* End PBXFileReference section */

/* Begin PBXFrameworksBuildPhase section */
		F78EEC882809C16100EBF148 /* Frameworks */ = {
			isa = PBXFrameworksBuildPhase;
			buildActionMask = 2147483647;
			files = (
			);
			runOnlyForDeploymentPostprocessing = 0;
		};
/* End PBXFrameworksBuildPhase section */

/* Begin PBXGroup section */
		0B54761A280D4CBC0046BDB3 /* Extension */ = {
			isa = PBXGroup;
			children = (
				0B54761B280D4CC90046BDB3 /* UIView+Extension.swift */,
				F70FE55E2813371C009858DE /* UIViewController+Extension.swift */,
			);
			path = Extension;
			sourceTree = "<group>";
		};
		F72A5FAD280C5C95005DEF66 /* ViewController */ = {
			isa = PBXGroup;
			children = (
				F72A5FB6280C60F3005DEF66 /* PokedexViewController.swift */,
				F72A5FBD280C6FEC005DEF66 /* MapViewController.swift */,
				0B547618280D35020046BDB3 /* FieldViewController.swift */,
			);
			path = ViewController;
			sourceTree = "<group>";
		};
		F72A5FAE280C5CE4005DEF66 /* System */ = {
			isa = PBXGroup;
			children = (
				F78EEC8E2809C16100EBF148 /* AppDelegate.swift */,
				F78EEC902809C16100EBF148 /* SceneDelegate.swift */,
			);
			path = System;
			sourceTree = "<group>";
		};
		F72A5FB1280C601B005DEF66 /* View */ = {
			isa = PBXGroup;
			children = (
				F72A5FB2280C6033005DEF66 /* PokedexCell.swift */,
				F72A5FB4280C605A005DEF66 /* PokedexCell.xib */,
				F72A5FC1280C711B005DEF66 /* HabitatCell.swift */,
				F72A5FC2280C711B005DEF66 /* HabitatCell.xib */,
				F73FA2C62811BD3800C62123 /* PokedexDescriptionView.swift */,
				F73FA2C82811BD5100C62123 /* PokedexDescriptionView.xib */,
			);
			path = View;
			sourceTree = "<group>";
		};
		F72A5FB8280C66B0005DEF66 /* Common */ = {
			isa = PBXGroup;
			children = (
				F72A5FB9280C66D6005DEF66 /* ImageCache.swift */,
				F72A5FBA280C66D6005DEF66 /* ImageDownloader.swift */,
				F78EECAD2809C96500EBF148 /* NetworkAgent.swift */,
				F78EECAF2809C97A00EBF148 /* NetworkConstants.swift */,
			);
			path = Common;
			sourceTree = "<group>";
		};
		F78EEC822809C16100EBF148 = {
			isa = PBXGroup;
			children = (
				F78EEC8D2809C16100EBF148 /* PokemonProject */,
				F78EEC8C2809C16100EBF148 /* Products */,
			);
			sourceTree = "<group>";
		};
		F78EEC8C2809C16100EBF148 /* Products */ = {
			isa = PBXGroup;
			children = (
				F78EEC8B2809C16100EBF148 /* PokemonProject.app */,
			);
			name = Products;
			sourceTree = "<group>";
		};
		F78EEC8D2809C16100EBF148 /* PokemonProject */ = {
			isa = PBXGroup;
			children = (
				0B54761A280D4CBC0046BDB3 /* Extension */,
				F72A5FAE280C5CE4005DEF66 /* System */,
				F72A5FB8280C66B0005DEF66 /* Common */,
				F78EECA32809C1E600EBF148 /* Model */,
				F72A5FB1280C601B005DEF66 /* View */,
				F72A5FAD280C5C95005DEF66 /* ViewController */,
				F78EEC942809C16100EBF148 /* Main.storyboard */,
				F78EEC972809C16300EBF148 /* Assets.xcassets */,
				F78EEC992809C16300EBF148 /* LaunchScreen.storyboard */,
				F78EEC9C2809C16300EBF148 /* Info.plist */,
			);
			path = PokemonProject;
			sourceTree = "<group>";
		};
		F78EECA32809C1E600EBF148 /* Model */ = {
			isa = PBXGroup;
			children = (
				F78EECA42809C1F500EBF148 /* Pokemon.swift */,
				F78EECA72809C23B00EBF148 /* PokeSpecies.swift */,
				F78EECA92809C88A00EBF148 /* PokeHabitat.swift */,
				F72A5FAF280C5F3D005DEF66 /* User.swift */,
				F72A5FC5280C72E3005DEF66 /* TotalHabitat.swift */,
			);
			path = Model;
			sourceTree = "<group>";
		};
/* End PBXGroup section */

/* Begin PBXNativeTarget section */
		F78EEC8A2809C16100EBF148 /* PokemonProject */ = {
			isa = PBXNativeTarget;
			buildConfigurationList = F78EEC9F2809C16300EBF148 /* Build configuration list for PBXNativeTarget "PokemonProject" */;
			buildPhases = (
				F78EEC872809C16100EBF148 /* Sources */,
				F78EEC882809C16100EBF148 /* Frameworks */,
				F78EEC892809C16100EBF148 /* Resources */,
			);
			buildRules = (
			);
			dependencies = (
			);
			name = PokemonProject;
			productName = PokemonProject;
			productReference = F78EEC8B2809C16100EBF148 /* PokemonProject.app */;
			productType = "com.apple.product-type.application";
		};
/* End PBXNativeTarget section */

/* Begin PBXProject section */
		F78EEC832809C16100EBF148 /* Project object */ = {
			isa = PBXProject;
			attributes = {
				BuildIndependentTargetsInParallel = 1;
				LastSwiftUpdateCheck = 1320;
				LastUpgradeCheck = 1320;
				TargetAttributes = {
					F78EEC8A2809C16100EBF148 = {
						CreatedOnToolsVersion = 13.2.1;
					};
				};
			};
			buildConfigurationList = F78EEC862809C16100EBF148 /* Build configuration list for PBXProject "PokemonProject" */;
			compatibilityVersion = "Xcode 13.0";
			developmentRegion = en;
			hasScannedForEncodings = 0;
			knownRegions = (
				en,
				Base,
			);
			mainGroup = F78EEC822809C16100EBF148;
			productRefGroup = F78EEC8C2809C16100EBF148 /* Products */;
			projectDirPath = "";
			projectRoot = "";
			targets = (
				F78EEC8A2809C16100EBF148 /* PokemonProject */,
			);
		};
/* End PBXProject section */

/* Begin PBXResourcesBuildPhase section */
		F78EEC892809C16100EBF148 /* Resources */ = {
			isa = PBXResourcesBuildPhase;
			buildActionMask = 2147483647;
			files = (
				F73FA2C92811BD5100C62123 /* PokedexDescriptionView.xib in Resources */,
				F72A5FC4280C711B005DEF66 /* HabitatCell.xib in Resources */,
				F72A5FB5280C605A005DEF66 /* PokedexCell.xib in Resources */,
				F78EEC9B2809C16300EBF148 /* LaunchScreen.storyboard in Resources */,
				F78EEC982809C16300EBF148 /* Assets.xcassets in Resources */,
				F78EEC962809C16100EBF148 /* Main.storyboard in Resources */,
			);
			runOnlyForDeploymentPostprocessing = 0;
		};
/* End PBXResourcesBuildPhase section */

/* Begin PBXSourcesBuildPhase section */
		F78EEC872809C16100EBF148 /* Sources */ = {
			isa = PBXSourcesBuildPhase;
			buildActionMask = 2147483647;
			files = (
				F78EECB02809C97A00EBF148 /* NetworkConstants.swift in Sources */,
				F72A5FBC280C66D6005DEF66 /* ImageDownloader.swift in Sources */,
				0B547619280D35020046BDB3 /* FieldViewController.swift in Sources */,
				F78EECA52809C1F500EBF148 /* Pokemon.swift in Sources */,
				F78EECAA2809C88A00EBF148 /* PokeHabitat.swift in Sources */,
				F72A5FB3280C6033005DEF66 /* PokedexCell.swift in Sources */,
				F73FA2C72811BD3800C62123 /* PokedexDescriptionView.swift in Sources */,
				F78EECA82809C23B00EBF148 /* PokeSpecies.swift in Sources */,
				F70FE55F2813371C009858DE /* UIViewController+Extension.swift in Sources */,
				F72A5FBB280C66D6005DEF66 /* ImageCache.swift in Sources */,
				F72A5FB0280C5F3D005DEF66 /* User.swift in Sources */,
				F72A5FC3280C711B005DEF66 /* HabitatCell.swift in Sources */,
				F72A5FB7280C60F3005DEF66 /* PokedexViewController.swift in Sources */,
				0B54761C280D4CC90046BDB3 /* UIView+Extension.swift in Sources */,
				F78EEC8F2809C16100EBF148 /* AppDelegate.swift in Sources */,
				F78EECAE2809C96500EBF148 /* NetworkAgent.swift in Sources */,
				F78EEC912809C16100EBF148 /* SceneDelegate.swift in Sources */,
				F72A5FC6280C72E3005DEF66 /* TotalHabitat.swift in Sources */,
				F72A5FBE280C6FEC005DEF66 /* MapViewController.swift in Sources */,
			);
			runOnlyForDeploymentPostprocessing = 0;
		};
/* End PBXSourcesBuildPhase section */

/* Begin PBXVariantGroup section */
		F78EEC942809C16100EBF148 /* Main.storyboard */ = {
			isa = PBXVariantGroup;
			children = (
				F78EEC952809C16100EBF148 /* Base */,
			);
			name = Main.storyboard;
			sourceTree = "<group>";
		};
		F78EEC992809C16300EBF148 /* LaunchScreen.storyboard */ = {
			isa = PBXVariantGroup;
			children = (
				F78EEC9A2809C16300EBF148 /* Base */,
			);
			name = LaunchScreen.storyboard;
			sourceTree = "<group>";
		};
/* End PBXVariantGroup section */

/* Begin XCBuildConfiguration section */
		F78EEC9D2809C16300EBF148 /* Debug */ = {
			isa = XCBuildConfiguration;
			buildSettings = {
				ALWAYS_SEARCH_USER_PATHS = NO;
				CLANG_ANALYZER_NONNULL = YES;
				CLANG_ANALYZER_NUMBER_OBJECT_CONVERSION = YES_AGGRESSIVE;
				CLANG_CXX_LANGUAGE_STANDARD = "gnu++17";
				CLANG_CXX_LIBRARY = "libc++";
				CLANG_ENABLE_MODULES = YES;
				CLANG_ENABLE_OBJC_ARC = YES;
				CLANG_ENABLE_OBJC_WEAK = YES;
				CLANG_WARN_BLOCK_CAPTURE_AUTORELEASING = YES;
				CLANG_WARN_BOOL_CONVERSION = YES;
				CLANG_WARN_COMMA = YES;
				CLANG_WARN_CONSTANT_CONVERSION = YES;
				CLANG_WARN_DEPRECATED_OBJC_IMPLEMENTATIONS = YES;
				CLANG_WARN_DIRECT_OBJC_ISA_USAGE = YES_ERROR;
				CLANG_WARN_DOCUMENTATION_COMMENTS = YES;
				CLANG_WARN_EMPTY_BODY = YES;
				CLANG_WARN_ENUM_CONVERSION = YES;
				CLANG_WARN_INFINITE_RECURSION = YES;
				CLANG_WARN_INT_CONVERSION = YES;
				CLANG_WARN_NON_LITERAL_NULL_CONVERSION = YES;
				CLANG_WARN_OBJC_IMPLICIT_RETAIN_SELF = YES;
				CLANG_WARN_OBJC_LITERAL_CONVERSION = YES;
				CLANG_WARN_OBJC_ROOT_CLASS = YES_ERROR;
				CLANG_WARN_QUOTED_INCLUDE_IN_FRAMEWORK_HEADER = YES;
				CLANG_WARN_RANGE_LOOP_ANALYSIS = YES;
				CLANG_WARN_STRICT_PROTOTYPES = YES;
				CLANG_WARN_SUSPICIOUS_MOVE = YES;
				CLANG_WARN_UNGUARDED_AVAILABILITY = YES_AGGRESSIVE;
				CLANG_WARN_UNREACHABLE_CODE = YES;
				CLANG_WARN__DUPLICATE_METHOD_MATCH = YES;
				COPY_PHASE_STRIP = NO;
				DEBUG_INFORMATION_FORMAT = dwarf;
				ENABLE_STRICT_OBJC_MSGSEND = YES;
				ENABLE_TESTABILITY = YES;
				GCC_C_LANGUAGE_STANDARD = gnu11;
				GCC_DYNAMIC_NO_PIC = NO;
				GCC_NO_COMMON_BLOCKS = YES;
				GCC_OPTIMIZATION_LEVEL = 0;
				GCC_PREPROCESSOR_DEFINITIONS = (
					"DEBUG=1",
					"$(inherited)",
				);
				GCC_WARN_64_TO_32_BIT_CONVERSION = YES;
				GCC_WARN_ABOUT_RETURN_TYPE = YES_ERROR;
				GCC_WARN_UNDECLARED_SELECTOR = YES;
				GCC_WARN_UNINITIALIZED_AUTOS = YES_AGGRESSIVE;
				GCC_WARN_UNUSED_FUNCTION = YES;
				GCC_WARN_UNUSED_VARIABLE = YES;
				IPHONEOS_DEPLOYMENT_TARGET = 15.2;
				MTL_ENABLE_DEBUG_INFO = INCLUDE_SOURCE;
				MTL_FAST_MATH = YES;
				ONLY_ACTIVE_ARCH = YES;
				SDKROOT = iphoneos;
				SWIFT_ACTIVE_COMPILATION_CONDITIONS = DEBUG;
				SWIFT_OPTIMIZATION_LEVEL = "-Onone";
			};
			name = Debug;
		};
		F78EEC9E2809C16300EBF148 /* Release */ = {
			isa = XCBuildConfiguration;
			buildSettings = {
				ALWAYS_SEARCH_USER_PATHS = NO;
				CLANG_ANALYZER_NONNULL = YES;
				CLANG_ANALYZER_NUMBER_OBJECT_CONVERSION = YES_AGGRESSIVE;
				CLANG_CXX_LANGUAGE_STANDARD = "gnu++17";
				CLANG_CXX_LIBRARY = "libc++";
				CLANG_ENABLE_MODULES = YES;
				CLANG_ENABLE_OBJC_ARC = YES;
				CLANG_ENABLE_OBJC_WEAK = YES;
				CLANG_WARN_BLOCK_CAPTURE_AUTORELEASING = YES;
				CLANG_WARN_BOOL_CONVERSION = YES;
				CLANG_WARN_COMMA = YES;
				CLANG_WARN_CONSTANT_CONVERSION = YES;
				CLANG_WARN_DEPRECATED_OBJC_IMPLEMENTATIONS = YES;
				CLANG_WARN_DIRECT_OBJC_ISA_USAGE = YES_ERROR;
				CLANG_WARN_DOCUMENTATION_COMMENTS = YES;
				CLANG_WARN_EMPTY_BODY = YES;
				CLANG_WARN_ENUM_CONVERSION = YES;
				CLANG_WARN_INFINITE_RECURSION = YES;
				CLANG_WARN_INT_CONVERSION = YES;
				CLANG_WARN_NON_LITERAL_NULL_CONVERSION = YES;
				CLANG_WARN_OBJC_IMPLICIT_RETAIN_SELF = YES;
				CLANG_WARN_OBJC_LITERAL_CONVERSION = YES;
				CLANG_WARN_OBJC_ROOT_CLASS = YES_ERROR;
				CLANG_WARN_QUOTED_INCLUDE_IN_FRAMEWORK_HEADER = YES;
				CLANG_WARN_RANGE_LOOP_ANALYSIS = YES;
				CLANG_WARN_STRICT_PROTOTYPES = YES;
				CLANG_WARN_SUSPICIOUS_MOVE = YES;
				CLANG_WARN_UNGUARDED_AVAILABILITY = YES_AGGRESSIVE;
				CLANG_WARN_UNREACHABLE_CODE = YES;
				CLANG_WARN__DUPLICATE_METHOD_MATCH = YES;
				COPY_PHASE_STRIP = NO;
				DEBUG_INFORMATION_FORMAT = "dwarf-with-dsym";
				ENABLE_NS_ASSERTIONS = NO;
				ENABLE_STRICT_OBJC_MSGSEND = YES;
				GCC_C_LANGUAGE_STANDARD = gnu11;
				GCC_NO_COMMON_BLOCKS = YES;
				GCC_WARN_64_TO_32_BIT_CONVERSION = YES;
				GCC_WARN_ABOUT_RETURN_TYPE = YES_ERROR;
				GCC_WARN_UNDECLARED_SELECTOR = YES;
				GCC_WARN_UNINITIALIZED_AUTOS = YES_AGGRESSIVE;
				GCC_WARN_UNUSED_FUNCTION = YES;
				GCC_WARN_UNUSED_VARIABLE = YES;
				IPHONEOS_DEPLOYMENT_TARGET = 15.2;
				MTL_ENABLE_DEBUG_INFO = NO;
				MTL_FAST_MATH = YES;
				SDKROOT = iphoneos;
				SWIFT_COMPILATION_MODE = wholemodule;
				SWIFT_OPTIMIZATION_LEVEL = "-O";
				VALIDATE_PRODUCT = YES;
			};
			name = Release;
		};
		F78EECA02809C16300EBF148 /* Debug */ = {
			isa = XCBuildConfiguration;
			buildSettings = {
				ASSETCATALOG_COMPILER_APPICON_NAME = AppIcon;
				ASSETCATALOG_COMPILER_GLOBAL_ACCENT_COLOR_NAME = AccentColor;
				CODE_SIGN_STYLE = Automatic;
				CURRENT_PROJECT_VERSION = 1;
				DEVELOPMENT_TEAM = QKG65XDLX8;
				GENERATE_INFOPLIST_FILE = YES;
				INFOPLIST_FILE = PokemonProject/Info.plist;
				INFOPLIST_KEY_UIApplicationSupportsIndirectInputEvents = YES;
				INFOPLIST_KEY_UILaunchStoryboardName = LaunchScreen;
				INFOPLIST_KEY_UIMainStoryboardFile = Main;
				INFOPLIST_KEY_UISupportedInterfaceOrientations_iPad = "UIInterfaceOrientationPortrait UIInterfaceOrientationPortraitUpsideDown UIInterfaceOrientationLandscapeLeft UIInterfaceOrientationLandscapeRight";
				INFOPLIST_KEY_UISupportedInterfaceOrientations_iPhone = "UIInterfaceOrientationPortrait UIInterfaceOrientationLandscapeLeft UIInterfaceOrientationLandscapeRight";
				LD_RUNPATH_SEARCH_PATHS = (
					"$(inherited)",
					"@executable_path/Frameworks",
				);
				MARKETING_VERSION = 1.0.0;
				PRODUCT_BUNDLE_IDENTIFIER = com.bong.Pokemon;
				PRODUCT_NAME = "$(TARGET_NAME)";
				SWIFT_EMIT_LOC_STRINGS = YES;
				SWIFT_VERSION = 5.0;
				TARGETED_DEVICE_FAMILY = "1,2";
			};
			name = Debug;
		};
		F78EECA12809C16300EBF148 /* Release */ = {
			isa = XCBuildConfiguration;
			buildSettings = {
				ASSETCATALOG_COMPILER_APPICON_NAME = AppIcon;
				ASSETCATALOG_COMPILER_GLOBAL_ACCENT_COLOR_NAME = AccentColor;
				CODE_SIGN_STYLE = Automatic;
				CURRENT_PROJECT_VERSION = 1;
				DEVELOPMENT_TEAM = QKG65XDLX8;
				GENERATE_INFOPLIST_FILE = YES;
				INFOPLIST_FILE = PokemonProject/Info.plist;
				INFOPLIST_KEY_UIApplicationSupportsIndirectInputEvents = YES;
				INFOPLIST_KEY_UILaunchStoryboardName = LaunchScreen;
				INFOPLIST_KEY_UIMainStoryboardFile = Main;
				INFOPLIST_KEY_UISupportedInterfaceOrientations_iPad = "UIInterfaceOrientationPortrait UIInterfaceOrientationPortraitUpsideDown UIInterfaceOrientationLandscapeLeft UIInterfaceOrientationLandscapeRight";
				INFOPLIST_KEY_UISupportedInterfaceOrientations_iPhone = "UIInterfaceOrientationPortrait UIInterfaceOrientationLandscapeLeft UIInterfaceOrientationLandscapeRight";
				LD_RUNPATH_SEARCH_PATHS = (
					"$(inherited)",
					"@executable_path/Frameworks",
				);
				MARKETING_VERSION = 1.0.0;
				PRODUCT_BUNDLE_IDENTIFIER = com.bong.Pokemon;
				PRODUCT_NAME = "$(TARGET_NAME)";
				SWIFT_EMIT_LOC_STRINGS = YES;
				SWIFT_VERSION = 5.0;
				TARGETED_DEVICE_FAMILY = "1,2";
			};
			name = Release;
		};
/* End XCBuildConfiguration section */

/* Begin XCConfigurationList section */
		F78EEC862809C16100EBF148 /* Build configuration list for PBXProject "PokemonProject" */ = {
			isa = XCConfigurationList;
			buildConfigurations = (
				F78EEC9D2809C16300EBF148 /* Debug */,
				F78EEC9E2809C16300EBF148 /* Release */,
			);
			defaultConfigurationIsVisible = 0;
			defaultConfigurationName = Release;
		};
		F78EEC9F2809C16300EBF148 /* Build configuration list for PBXNativeTarget "PokemonProject" */ = {
			isa = XCConfigurationList;
			buildConfigurations = (
				F78EECA02809C16300EBF148 /* Debug */,
				F78EECA12809C16300EBF148 /* Release */,
			);
			defaultConfigurationIsVisible = 0;
			defaultConfigurationName = Release;
		};
/* End XCConfigurationList section */
	};
	rootObject = F78EEC832809C16100EBF148 /* Project object */;
}
